
Microsoft Visual Studio Solution File, Format Version 12.00
# Visual Studio Version 17
VisualStudioVersion = 17.3.32901.215
MinimumVisualStudioVersion = 10.0.40219.1
Project("{FAE04EC0-301F-11D3-BF4B-00C04F79EFBC}") = "MetroFormCoreTest", "MetroFormCoreTest\MetroFormCoreTest.csproj", "{4776C536-D43F-43D1-8D32-3046B72B732A}"
EndProject
Project("{778DAE3C-4631-46EA-AA77-85C1314464D9}") = "MetroFormsCore", "MetroFormsCore\MetroFormsCore.vbproj", "{8553DB1B-2096-481B-8E7A-1BFB72B7FD23}"
EndProject
Global
	GlobalSection(SolutionConfigurationPlatforms) = preSolution
		Debug|Any CPU = Debug|Any CPU
		Release|Any CPU = Release|Any CPU
	EndGlobalSection
	GlobalSection(ProjectConfigurationPlatforms) = postSolution
		{4776C536-D43F-43D1-8D32-3046B72B732A}.Debug|Any CPU.ActiveCfg = Debug|Any CPU
		{4776C536-D43F-43D1-8D32-3046B72B732A}.Debug|Any CPU.Build.0 = Debug|Any CPU
		{4776C536-D43F-43D1-8D32-3046B72B732A}.Release|Any CPU.ActiveCfg = Release|Any CPU
		{4776C536-D43F-43D1-8D32-3046B72B732A}.Release|Any CPU.Build.0 = Release|Any CPU
		{8553DB1B-2096-481B-8E7A-1BFB72B7FD23}.Debug|Any CPU.ActiveCfg = Debug|Any CPU
		{8553DB1B-2096-481B-8E7A-1BFB72B7FD23}.Debug|Any CPU.Build.0 = Debug|Any CPU
		{8553DB1B-2096-481B-8E7A-1BFB72B7FD23}.Release|Any CPU.ActiveCfg = Release|Any CPU
		{8553DB1B-2096-481B-8E7A-1BFB72B7FD23}.Release|Any CPU.Build.0 = Release|Any CPU
	EndGlobalSection
	GlobalSection(SolutionProperties) = preSolution
		HideSolutionNode = FALSE
	EndGlobalSection
	GlobalSection(ExtensibilityGlobals) = postSolution
		SolutionGuid = {B140B958-52DF-483A-8A46-C59FDBE182AA}
	EndGlobalSection
EndGlobal
